<Solution>
  <Project Path="CustomChartLoader\CustomChartLoader.csproj" Type="Classic C#" />
  <Project Path="ManagedLoader/ManagedLoader.csproj" />
  <Project Path="ModContract\ModContract.csproj" />
  <Project Path="UndertaleModTool\Underanalyzer\Underanalyzer\Underanalyzer.csproj" Type="Classic C#" />
  <Project Path="UndertaleModTool\UndertaleModLib\UndertaleModLib.csproj" Type="Classic C#" />
</Solution>